
Microsoft Visual Studio Solution File, Format Version 12.00
# Visual Studio 15
VisualStudioVersion = 15.0.28010.2046
MinimumVisualStudioVersion = 10.0.40219.1
Project("{FAE04EC0-301F-11D3-BF4B-00C04F79EFBC}") = "K42Store", "K42Store\K42Store.csproj", "{5D6ACD35-1320-472C-8E5D-ACB0FA50D618}"
EndProject
Global
	GlobalSection(SolutionConfigurationPlatforms) = preSolution
		Debug|Any CPU = Debug|Any CPU
		Release|Any CPU = Release|Any CPU
	EndGlobalSection
	GlobalSection(ProjectConfigurationPlatforms) = postSolution
		{5D6ACD35-1320-472C-8E5D-ACB0FA50D618}.Debug|Any CPU.ActiveCfg = Debug|Any CPU
		{5D6ACD35-1320-472C-8E5D-ACB0FA50D618}.Debug|Any CPU.Build.0 = Debug|Any CPU
		{5D6ACD35-1320-472C-8E5D-ACB0FA50D618}.Release|Any CPU.ActiveCfg = Release|Any CPU
		{5D6ACD35-1320-472C-8E5D-ACB0FA50D618}.Release|Any CPU.Build.0 = Release|Any CPU
	EndGlobalSection
	GlobalSection(SolutionProperties) = preSolution
		HideSolutionNode = FALSE
	EndGlobalSection
	GlobalSection(ExtensibilityGlobals) = postSolution
		SolutionGuid = {E3B5A5C8-C909-42DB-A5C1-AA07A409D5E8}
	EndGlobalSection
EndGlobal
